
Microsoft Visual Studio Solution File, Format Version 12.00
# Visual Studio Version 17
VisualStudioVersion = 17.3.32825.248
MinimumVisualStudioVersion = 10.0.40219.1
Project("{8BC9CEB8-8B4A-11D0-8D11-00A0C91BC942}") = "ConsoleApplication1", "ConsoleApplication1\ConsoleApplication1.vcxproj", "{DA4DDA4B-FA59-41C0-90CF-A1A5A17AA98A}"
EndProject
Global
	GlobalSection(SolutionConfigurationPlatforms) = preSolution
		Debug|x64 = Debug|x64
		Debug|x86 = Debug|x86
		Release|x64 = Release|x64
		Release|x86 = Release|x86
	EndGlobalSection
	GlobalSection(ProjectConfigurationPlatforms) = postSolution
		{DA4DDA4B-FA59-41C0-90CF-A1A5A17AA98A}.Debug|x64.ActiveCfg = Debug|x64
		{DA4DDA4B-FA59-41C0-90CF-A1A5A17AA98A}.Debug|x64.Build.0 = Debug|x64
		{DA4DDA4B-FA59-41C0-90CF-A1A5A17AA98A}.Debug|x86.ActiveCfg = Debug|Win32
		{DA4DDA4B-FA59-41C0-90CF-A1A5A17AA98A}.Debug|x86.Build.0 = Debug|Win32
		{DA4DDA4B-FA59-41C0-90CF-A1A5A17AA98A}.Release|x64.ActiveCfg = Release|x64
		{DA4DDA4B-FA59-41C0-90CF-A1A5A17AA98A}.Release|x64.Build.0 = Release|x64
		{DA4DDA4B-FA59-41C0-90CF-A1A5A17AA98A}.Release|x86.ActiveCfg = Release|Win32
		{DA4DDA4B-FA59-41C0-90CF-A1A5A17AA98A}.Release|x86.Build.0 = Release|Win32
	EndGlobalSection
	GlobalSection(SolutionProperties) = preSolution
		HideSolutionNode = FALSE
	EndGlobalSection
	GlobalSection(ExtensibilityGlobals) = postSolution
		SolutionGuid = {C160A9FD-143D-40E7-AEAD-E49A719B1C2B}
	EndGlobalSection
EndGlobal
